
Microsoft Visual Studio Solution File, Format Version 12.00
# Visual Studio 15
VisualStudioVersion = 15.0.28307.645
MinimumVisualStudioVersion = 10.0.40219.1
Project("{FAE04EC0-301F-11D3-BF4B-00C04F79EFBC}") = "PaginationDemo.Android", "PaginationDemo\PaginationDemo.Android\PaginationDemo.Android.csproj", "{E73F2D56-4092-4E4A-9274-F4B2C40D9F02}"
EndProject
Project("{FAE04EC0-301F-11D3-BF4B-00C04F79EFBC}") = "PaginationDemo.iOS", "PaginationDemo\PaginationDemo.iOS\PaginationDemo.iOS.csproj", "{6E086833-BBEC-4345-9922-49FD324C115D}"
EndProject
Project("{FAE04EC0-301F-11D3-BF4B-00C04F79EFBC}") = "PaginationDemo.UWP", "PaginationDemo\PaginationDemo.UWP\PaginationDemo.UWP.csproj", "{F6764E76-B761-402D-9A0B-6E52EC982FFA}"
EndProject
Project("{9A19103F-16F7-4668-BE54-9A1E7A4F7556}") = "PaginationDemo", "PaginationDemo\PaginationDemo\PaginationDemo.csproj", "{5E1837E4-06CB-4EA4-97B2-9E0EC4E7C462}"
EndProject
Project("{FAE04EC0-301F-11D3-BF4B-00C04F79EFBC}") = "xamarinapi", "xamarinapi\xamarinapi.csproj", "{D5F101C9-2066-436A-B556-B56101A78D94}"
EndProject
Global
	GlobalSection(SolutionConfigurationPlatforms) = preSolution
		Ad-Hoc|Any CPU = Ad-Hoc|Any CPU
		Ad-Hoc|ARM = Ad-Hoc|ARM
		Ad-Hoc|iPhone = Ad-Hoc|iPhone
		Ad-Hoc|iPhoneSimulator = Ad-Hoc|iPhoneSimulator
		Ad-Hoc|x64 = Ad-Hoc|x64
		Ad-Hoc|x86 = Ad-Hoc|x86
		AppStore|Any CPU = AppStore|Any CPU
		AppStore|ARM = AppStore|ARM
		AppStore|iPhone = AppStore|iPhone
		AppStore|iPhoneSimulator = AppStore|iPhoneSimulator
		AppStore|x64 = AppStore|x64
		AppStore|x86 = AppStore|x86
		Debug|Any CPU = Debug|Any CPU
		Debug|ARM = Debug|ARM
		Debug|iPhone = Debug|iPhone
		Debug|iPhoneSimulator = Debug|iPhoneSimulator
		Debug|x64 = Debug|x64
		Debug|x86 = Debug|x86
		Release|Any CPU = Release|Any CPU
		Release|ARM = Release|ARM
		Release|iPhone = Release|iPhone
		Release|iPhoneSimulator = Release|iPhoneSimulator
		Release|x64 = Release|x64
		Release|x86 = Release|x86
	EndGlobalSection
	GlobalSection(ProjectConfigurationPlatforms) = postSolution
		{E73F2D56-4092-4E4A-9274-F4B2C40D9F02}.Ad-Hoc|Any CPU.ActiveCfg = Release|Any CPU
		{E73F2D56-4092-4E4A-9274-F4B2C40D9F02}.Ad-Hoc|Any CPU.Build.0 = Release|Any CPU
		{E73F2D56-4092-4E4A-9274-F4B2C40D9F02}.Ad-Hoc|Any CPU.Deploy.0 = Release|Any CPU
		{E73F2D56-4092-4E4A-9274-F4B2C40D9F02}.Ad-Hoc|ARM.ActiveCfg = Release|Any CPU
		{E73F2D56-4092-4E4A-9274-F4B2C40D9F02}.Ad-Hoc|ARM.Build.0 = Release|Any CPU
		{E73F2D56-4092-4E4A-9274-F4B2C40D9F02}.Ad-Hoc|ARM.Deploy.0 = Release|Any CPU
		{E73F2D56-4092-4E4A-9274-F4B2C40D9F02}.Ad-Hoc|iPhone.ActiveCfg = Release|Any CPU
		{E73F2D56-4092-4E4A-9274-F4B2C40D9F02}.Ad-Hoc|iPhone.Build.0 = Release|Any CPU
		{E73F2D56-4092-4E4A-9274-F4B2C40D9F02}.Ad-Hoc|iPhone.Deploy.0 = Release|Any CPU
		{E73F2D56-4092-4E4A-9274-F4B2C40D9F02}.Ad-Hoc|iPhoneSimulator.ActiveCfg = Release|Any CPU
		{E73F2D56-4092-4E4A-9274-F4B2C40D9F02}.Ad-Hoc|iPhoneSimulator.Build.0 = Release|Any CPU
		{E73F2D56-4092-4E4A-9274-F4B2C40D9F02}.Ad-Hoc|iPhoneSimulator.Deploy.0 = Release|Any CPU
		{E73F2D56-4092-4E4A-9274-F4B2C40D9F02}.Ad-Hoc|x64.ActiveCfg = Release|Any CPU
		{E73F2D56-4092-4E4A-9274-F4B2C40D9F02}.Ad-Hoc|x64.Build.0 = Release|Any CPU
		{E73F2D56-4092-4E4A-9274-F4B2C40D9F02}.Ad-Hoc|x64.Deploy.0 = Release|Any CPU
		{E73F2D56-4092-4E4A-9274-F4B2C40D9F02}.Ad-Hoc|x86.ActiveCfg = Release|Any CPU
		{E73F2D56-4092-4E4A-9274-F4B2C40D9F02}.Ad-Hoc|x86.Build.0 = Release|Any CPU
		{E73F2D56-4092-4E4A-9274-F4B2C40D9F02}.Ad-Hoc|x86.Deploy.0 = Release|Any CPU
		{E73F2D56-4092-4E4A-9274-F4B2C40D9F02}.AppStore|Any CPU.ActiveCfg = Release|Any CPU
		{E73F2D56-4092-4E4A-9274-F4B2C40D9F02}.AppStore|Any CPU.Build.0 = Release|Any CPU
		{E73F2D56-4092-4E4A-9274-F4B2C40D9F02}.AppStore|Any CPU.Deploy.0 = Release|Any CPU
		{E73F2D56-4092-4E4A-9274-F4B2C40D9F02}.AppStore|ARM.ActiveCfg = Release|Any CPU
		{E73F2D56-4092-4E4A-9274-F4B2C40D9F02}.AppStore|ARM.Build.0 = Release|Any CPU
		{E73F2D56-4092-4E4A-9274-F4B2C40D9F02}.AppStore|ARM.Deploy.0 = Release|Any CPU
		{E73F2D56-4092-4E4A-9274-F4B2C40D9F02}.AppStore|iPhone.ActiveCfg = Release|Any CPU
		{E73F2D56-4092-4E4A-9274-F4B2C40D9F02}.AppStore|iPhone.Build.0 = Release|Any CPU
		{E73F2D56-4092-4E4A-9274-F4B2C40D9F02}.AppStore|iPhone.Deploy.0 = Release|Any CPU
		{E73F2D56-4092-4E4A-9274-F4B2C40D9F02}.AppStore|iPhoneSimulator.ActiveCfg = Release|Any CPU
		{E73F2D56-4092-4E4A-9274-F4B2C40D9F02}.AppStore|iPhoneSimulator.Build.0 = Release|Any CPU
		{E73F2D56-4092-4E4A-9274-F4B2C40D9F02}.AppStore|iPhoneSimulator.Deploy.0 = Release|Any CPU
		{E73F2D56-4092-4E4A-9274-F4B2C40D9F02}.AppStore|x64.ActiveCfg = Release|Any CPU
		{E73F2D56-4092-4E4A-9274-F4B2C40D9F02}.AppStore|x64.Build.0 = Release|Any CPU
		{E73F2D56-4092-4E4A-9274-F4B2C40D9F02}.AppStore|x64.Deploy.0 = Release|Any CPU
		{E73F2D56-4092-4E4A-9274-F4B2C40D9F02}.AppStore|x86.ActiveCfg = Release|Any CPU
		{E73F2D56-4092-4E4A-9274-F4B2C40D9F02}.AppStore|x86.Build.0 = Release|Any CPU
		{E73F2D56-4092-4E4A-9274-F4B2C40D9F02}.AppStore|x86.Deploy.0 = Release|Any CPU
		{E73F2D56-4092-4E4A-9274-F4B2C40D9F02}.Debug|Any CPU.ActiveCfg = Debug|Any CPU
		{E73F2D56-4092-4E4A-9274-F4B2C40D9F02}.Debug|Any CPU.Build.0 = Debug|Any CPU
		{E73F2D56-4092-4E4A-9274-F4B2C40D9F02}.Debug|Any CPU.Deploy.0 = Debug|Any CPU
		{E73F2D56-4092-4E4A-9274-F4B2C40D9F02}.Debug|ARM.ActiveCfg = Debug|Any CPU
		{E73F2D56-4092-4E4A-9274-F4B2C40D9F02}.Debug|ARM.Build.0 = Debug|Any CPU
		{E73F2D56-4092-4E4A-9274-F4B2C40D9F02}.Debug|ARM.Deploy.0 = Debug|Any CPU
		{E73F2D56-4092-4E4A-9274-F4B2C40D9F02}.Debug|iPhone.ActiveCfg = Debug|Any CPU
		{E73F2D56-4092-4E4A-9274-F4B2C40D9F02}.Debug|iPhone.Build.0 = Debug|Any CPU
		{E73F2D56-4092-4E4A-9274-F4B2C40D9F02}.Debug|iPhone.Deploy.0 = Debug|Any CPU
		{E73F2D56-4092-4E4A-9274-F4B2C40D9F02}.Debug|iPhoneSimulator.ActiveCfg = Debug|Any CPU
		{E73F2D56-4092-4E4A-9274-F4B2C40D9F02}.Debug|iPhoneSimulator.Build.0 = Debug|Any CPU
		{E73F2D56-4092-4E4A-9274-F4B2C40D9F02}.Debug|iPhoneSimulator.Deploy.0 = Debug|Any CPU
		{E73F2D56-4092-4E4A-9274-F4B2C40D9F02}.Debug|x64.ActiveCfg = Debug|Any CPU
		{E73F2D56-4092-4E4A-9274-F4B2C40D9F02}.Debug|x64.Build.0 = Debug|Any CPU
		{E73F2D56-4092-4E4A-9274-F4B2C40D9F02}.Debug|x64.Deploy.0 = Debug|Any CPU
		{E73F2D56-4092-4E4A-9274-F4B2C40D9F02}.Debug|x86.ActiveCfg = Debug|Any CPU
		{E73F2D56-4092-4E4A-9274-F4B2C40D9F02}.Debug|x86.Build.0 = Debug|Any CPU
		{E73F2D56-4092-4E4A-9274-F4B2C40D9F02}.Debug|x86.Deploy.0 = Debug|Any CPU
		{E73F2D56-4092-4E4A-9274-F4B2C40D9F02}.Release|Any CPU.ActiveCfg = Release|Any CPU
		{E73F2D56-4092-4E4A-9274-F4B2C40D9F02}.Release|Any CPU.Build.0 = Release|Any CPU
		{E73F2D56-4092-4E4A-9274-F4B2C40D9F02}.Release|Any CPU.Deploy.0 = Release|Any CPU
		{E73F2D56-4092-4E4A-9274-F4B2C40D9F02}.Release|ARM.ActiveCfg = Release|Any CPU
		{E73F2D56-4092-4E4A-9274-F4B2C40D9F02}.Release|ARM.Build.0 = Release|Any CPU
		{E73F2D56-4092-4E4A-9274-F4B2C40D9F02}.Release|ARM.Deploy.0 = Release|Any CPU
		{E73F2D56-4092-4E4A-9274-F4B2C40D9F02}.Release|iPhone.ActiveCfg = Release|Any CPU
		{E73F2D56-4092-4E4A-9274-F4B2C40D9F02}.Release|iPhone.Build.0 = Release|Any CPU
		{E73F2D56-4092-4E4A-9274-F4B2C40D9F02}.Release|iPhone.Deploy.0 = Release|Any CPU
		{E73F2D56-4092-4E4A-9274-F4B2C40D9F02}.Release|iPhoneSimulator.ActiveCfg = Release|Any CPU
		{E73F2D56-4092-4E4A-9274-F4B2C40D9F02}.Release|iPhoneSimulator.Build.0 = Release|Any CPU
		{E73F2D56-4092-4E4A-9274-F4B2C40D9F02}.Release|iPhoneSimulator.Deploy.0 = Release|Any CPU
		{E73F2D56-4092-4E4A-9274-F4B2C40D9F02}.Release|x64.ActiveCfg = Release|Any CPU
		{E73F2D56-4092-4E4A-9274-F4B2C40D9F02}.Release|x64.Build.0 = Release|Any CPU
		{E73F2D56-4092-4E4A-9274-F4B2C40D9F02}.Release|x64.Deploy.0 = Release|Any CPU
		{E73F2D56-4092-4E4A-9274-F4B2C40D9F02}.Release|x86.ActiveCfg = Release|Any CPU
		{E73F2D56-4092-4E4A-9274-F4B2C40D9F02}.Release|x86.Build.0 = Release|Any CPU
		{E73F2D56-4092-4E4A-9274-F4B2C40D9F02}.Release|x86.Deploy.0 = Release|Any CPU
		{6E086833-BBEC-4345-9922-49FD324C115D}.Ad-Hoc|Any CPU.ActiveCfg = Ad-Hoc|iPhone
		{6E086833-BBEC-4345-9922-49FD324C115D}.Ad-Hoc|Any CPU.Build.0 = Ad-Hoc|iPhone
		{6E086833-BBEC-4345-9922-49FD324C115D}.Ad-Hoc|Any CPU.Deploy.0 = Ad-Hoc|iPhone
		{6E086833-BBEC-4345-9922-49FD324C115D}.Ad-Hoc|ARM.ActiveCfg = Ad-Hoc|iPhone
		{6E086833-BBEC-4345-9922-49FD324C115D}.Ad-Hoc|ARM.Build.0 = Ad-Hoc|iPhone
		{6E086833-BBEC-4345-9922-49FD324C115D}.Ad-Hoc|ARM.Deploy.0 = Ad-Hoc|iPhone
		{6E086833-BBEC-4345-9922-49FD324C115D}.Ad-Hoc|iPhone.ActiveCfg = Ad-Hoc|iPhone
		{6E086833-BBEC-4345-9922-49FD324C115D}.Ad-Hoc|iPhone.Build.0 = Ad-Hoc|iPhone
		{6E086833-BBEC-4345-9922-49FD324C115D}.Ad-Hoc|iPhone.Deploy.0 = Ad-Hoc|iPhone
		{6E086833-BBEC-4345-9922-49FD324C115D}.Ad-Hoc|iPhoneSimulator.ActiveCfg = Ad-Hoc|iPhoneSimulator
		{6E086833-BBEC-4345-9922-49FD324C115D}.Ad-Hoc|iPhoneSimulator.Build.0 = Ad-Hoc|iPhoneSimulator
		{6E086833-BBEC-4345-9922-49FD324C115D}.Ad-Hoc|iPhoneSimulator.Deploy.0 = Ad-Hoc|iPhoneSimulator
		{6E086833-BBEC-4345-9922-49FD324C115D}.Ad-Hoc|x64.ActiveCfg = Ad-Hoc|iPhone
		{6E086833-BBEC-4345-9922-49FD324C115D}.Ad-Hoc|x64.Build.0 = Ad-Hoc|iPhone
		{6E086833-BBEC-4345-9922-49FD324C115D}.Ad-Hoc|x64.Deploy.0 = Ad-Hoc|iPhone
		{6E086833-BBEC-4345-9922-49FD324C115D}.Ad-Hoc|x86.ActiveCfg = Ad-Hoc|iPhone
		{6E086833-BBEC-4345-9922-49FD324C115D}.Ad-Hoc|x86.Build.0 = Ad-Hoc|iPhone
		{6E086833-BBEC-4345-9922-49FD324C115D}.Ad-Hoc|x86.Deploy.0 = Ad-Hoc|iPhone
		{6E086833-BBEC-4345-9922-49FD324C115D}.AppStore|Any CPU.ActiveCfg = AppStore|iPhone
		{6E086833-BBEC-4345-9922-49FD324C115D}.AppStore|Any CPU.Build.0 = AppStore|iPhone
		{6E086833-BBEC-4345-9922-49FD324C115D}.AppStore|Any CPU.Deploy.0 = AppStore|iPhone
		{6E086833-BBEC-4345-9922-49FD324C115D}.AppStore|ARM.ActiveCfg = AppStore|iPhone
		{6E086833-BBEC-4345-9922-49FD324C115D}.AppStore|ARM.Build.0 = AppStore|iPhone
		{6E086833-BBEC-4345-9922-49FD324C115D}.AppStore|ARM.Deploy.0 = AppStore|iPhone
		{6E086833-BBEC-4345-9922-49FD324C115D}.AppStore|iPhone.ActiveCfg = AppStore|iPhone
		{6E086833-BBEC-4345-9922-49FD324C115D}.AppStore|iPhone.Build.0 = AppStore|iPhone
		{6E086833-BBEC-4345-9922-49FD324C115D}.AppStore|iPhone.Deploy.0 = AppStore|iPhone
		{6E086833-BBEC-4345-9922-49FD324C115D}.AppStore|iPhoneSimulator.ActiveCfg = AppStore|iPhoneSimulator
		{6E086833-BBEC-4345-9922-49FD324C115D}.AppStore|iPhoneSimulator.Build.0 = AppStore|iPhoneSimulator
		{6E086833-BBEC-4345-9922-49FD324C115D}.AppStore|iPhoneSimulator.Deploy.0 = AppStore|iPhoneSimulator
		{6E086833-BBEC-4345-9922-49FD324C115D}.AppStore|x64.ActiveCfg = AppStore|iPhone
		{6E086833-BBEC-4345-9922-49FD324C115D}.AppStore|x64.Build.0 = AppStore|iPhone
		{6E086833-BBEC-4345-9922-49FD324C115D}.AppStore|x64.Deploy.0 = AppStore|iPhone
		{6E086833-BBEC-4345-9922-49FD324C115D}.AppStore|x86.ActiveCfg = AppStore|iPhone
		{6E086833-BBEC-4345-9922-49FD324C115D}.AppStore|x86.Build.0 = AppStore|iPhone
		{6E086833-BBEC-4345-9922-49FD324C115D}.AppStore|x86.Deploy.0 = AppStore|iPhone
		{6E086833-BBEC-4345-9922-49FD324C115D}.Debug|Any CPU.ActiveCfg = Debug|iPhoneSimulator
		{6E086833-BBEC-4345-9922-49FD324C115D}.Debug|Any CPU.Build.0 = Debug|iPhoneSimulator
		{6E086833-BBEC-4345-9922-49FD324C115D}.Debug|Any CPU.Deploy.0 = Debug|iPhoneSimulator
		{6E086833-BBEC-4345-9922-49FD324C115D}.Debug|ARM.ActiveCfg = Debug|iPhone
		{6E086833-BBEC-4345-9922-49FD324C115D}.Debug|ARM.Build.0 = Debug|iPhone
		{6E086833-BBEC-4345-9922-49FD324C115D}.Debug|ARM.Deploy.0 = Debug|iPhone
		{6E086833-BBEC-4345-9922-49FD324C115D}.Debug|iPhone.ActiveCfg = Debug|iPhone
		{6E086833-BBEC-4345-9922-49FD324C115D}.Debug|iPhone.Build.0 = Debug|iPhone
		{6E086833-BBEC-4345-9922-49FD324C115D}.Debug|iPhone.Deploy.0 = Debug|iPhone
		{6E086833-BBEC-4345-9922-49FD324C115D}.Debug|iPhoneSimulator.ActiveCfg = Debug|iPhoneSimulator
		{6E086833-BBEC-4345-9922-49FD324C115D}.Debug|iPhoneSimulator.Build.0 = Debug|iPhoneSimulator
		{6E086833-BBEC-4345-9922-49FD324C115D}.Debug|iPhoneSimulator.Deploy.0 = Debug|iPhoneSimulator
		{6E086833-BBEC-4345-9922-49FD324C115D}.Debug|x64.ActiveCfg = Debug|iPhone
		{6E086833-BBEC-4345-9922-49FD324C115D}.Debug|x64.Build.0 = Debug|iPhone
		{6E086833-BBEC-4345-9922-49FD324C115D}.Debug|x64.Deploy.0 = Debug|iPhone
		{6E086833-BBEC-4345-9922-49FD324C115D}.Debug|x86.ActiveCfg = Debug|iPhone
		{6E086833-BBEC-4345-9922-49FD324C115D}.Debug|x86.Build.0 = Debug|iPhone
		{6E086833-BBEC-4345-9922-49FD324C115D}.Debug|x86.Deploy.0 = Debug|iPhone
		{6E086833-BBEC-4345-9922-49FD324C115D}.Release|Any CPU.ActiveCfg = Release|iPhone
		{6E086833-BBEC-4345-9922-49FD324C115D}.Release|Any CPU.Build.0 = Release|iPhone
		{6E086833-BBEC-4345-9922-49FD324C115D}.Release|Any CPU.Deploy.0 = Release|iPhone
		{6E086833-BBEC-4345-9922-49FD324C115D}.Release|ARM.ActiveCfg = Release|iPhone
		{6E086833-BBEC-4345-9922-49FD324C115D}.Release|ARM.Build.0 = Release|iPhone
		{6E086833-BBEC-4345-9922-49FD324C115D}.Release|ARM.Deploy.0 = Release|iPhone
		{6E086833-BBEC-4345-9922-49FD324C115D}.Release|iPhone.ActiveCfg = Release|iPhone
		{6E086833-BBEC-4345-9922-49FD324C115D}.Release|iPhone.Build.0 = Release|iPhone
		{6E086833-BBEC-4345-9922-49FD324C115D}.Release|iPhone.Deploy.0 = Release|iPhone
		{6E086833-BBEC-4345-9922-49FD324C115D}.Release|iPhoneSimulator.ActiveCfg = Release|iPhoneSimulator
		{6E086833-BBEC-4345-9922-49FD324C115D}.Release|iPhoneSimulator.Build.0 = Release|iPhoneSimulator
		{6E086833-BBEC-4345-9922-49FD324C115D}.Release|iPhoneSimulator.Deploy.0 = Release|iPhoneSimulator
		{6E086833-BBEC-4345-9922-49FD324C115D}.Release|x64.ActiveCfg = Release|iPhone
		{6E086833-BBEC-4345-9922-49FD324C115D}.Release|x64.Build.0 = Release|iPhone
		{6E086833-BBEC-4345-9922-49FD324C115D}.Release|x64.Deploy.0 = Release|iPhone
		{6E086833-BBEC-4345-9922-49FD324C115D}.Release|x86.ActiveCfg = Release|iPhone
		{6E086833-BBEC-4345-9922-49FD324C115D}.Release|x86.Build.0 = Release|iPhone
		{6E086833-BBEC-4345-9922-49FD324C115D}.Release|x86.Deploy.0 = Release|iPhone
		{F6764E76-B761-402D-9A0B-6E52EC982FFA}.Ad-Hoc|Any CPU.ActiveCfg = Release|x86
		{F6764E76-B761-402D-9A0B-6E52EC982FFA}.Ad-Hoc|Any CPU.Build.0 = Release|x86
		{F6764E76-B761-402D-9A0B-6E52EC982FFA}.Ad-Hoc|Any CPU.Deploy.0 = Release|x86
		{F6764E76-B761-402D-9A0B-6E52EC982FFA}.Ad-Hoc|ARM.ActiveCfg = Release|ARM
		{F6764E76-B761-402D-9A0B-6E52EC982FFA}.Ad-Hoc|ARM.Build.0 = Release|ARM
		{F6764E76-B761-402D-9A0B-6E52EC982FFA}.Ad-Hoc|ARM.Deploy.0 = Release|ARM
		{F6764E76-B761-402D-9A0B-6E52EC982FFA}.Ad-Hoc|iPhone.ActiveCfg = Release|x86
		{F6764E76-B761-402D-9A0B-6E52EC982FFA}.Ad-Hoc|iPhone.Build.0 = Release|x86
		{F6764E76-B761-402D-9A0B-6E52EC982FFA}.Ad-Hoc|iPhone.Deploy.0 = Release|x86
		{F6764E76-B761-402D-9A0B-6E52EC982FFA}.Ad-Hoc|iPhoneSimulator.ActiveCfg = Release|x86
		{F6764E76-B761-402D-9A0B-6E52EC982FFA}.Ad-Hoc|iPhoneSimulator.Build.0 = Release|x86
		{F6764E76-B761-402D-9A0B-6E52EC982FFA}.Ad-Hoc|iPhoneSimulator.Deploy.0 = Release|x86
		{F6764E76-B761-402D-9A0B-6E52EC982FFA}.Ad-Hoc|x64.ActiveCfg = Release|x64
		{F6764E76-B761-402D-9A0B-6E52EC982FFA}.Ad-Hoc|x64.Build.0 = Release|x64
		{F6764E76-B761-402D-9A0B-6E52EC982FFA}.Ad-Hoc|x64.Deploy.0 = Release|x64
		{F6764E76-B761-402D-9A0B-6E52EC982FFA}.Ad-Hoc|x86.ActiveCfg = Release|x86
		{F6764E76-B761-402D-9A0B-6E52EC982FFA}.Ad-Hoc|x86.Build.0 = Release|x86
		{F6764E76-B761-402D-9A0B-6E52EC982FFA}.Ad-Hoc|x86.Deploy.0 = Release|x86
		{F6764E76-B761-402D-9A0B-6E52EC982FFA}.AppStore|Any CPU.ActiveCfg = Release|x86
		{F6764E76-B761-402D-9A0B-6E52EC982FFA}.AppStore|Any CPU.Build.0 = Release|x86
		{F6764E76-B761-402D-9A0B-6E52EC982FFA}.AppStore|Any CPU.Deploy.0 = Release|x86
		{F6764E76-B761-402D-9A0B-6E52EC982FFA}.AppStore|ARM.ActiveCfg = Release|ARM
		{F6764E76-B761-402D-9A0B-6E52EC982FFA}.AppStore|ARM.Build.0 = Release|ARM
		{F6764E76-B761-402D-9A0B-6E52EC982FFA}.AppStore|ARM.Deploy.0 = Release|ARM
		{F6764E76-B761-402D-9A0B-6E52EC982FFA}.AppStore|iPhone.ActiveCfg = Release|x86
		{F6764E76-B761-402D-9A0B-6E52EC982FFA}.AppStore|iPhone.Build.0 = Release|x86
		{F6764E76-B761-402D-9A0B-6E52EC982FFA}.AppStore|iPhone.Deploy.0 = Release|x86
		{F6764E76-B761-402D-9A0B-6E52EC982FFA}.AppStore|iPhoneSimulator.ActiveCfg = Release|x86
		{F6764E76-B761-402D-9A0B-6E52EC982FFA}.AppStore|iPhoneSimulator.Build.0 = Release|x86
		{F6764E76-B761-402D-9A0B-6E52EC982FFA}.AppStore|iPhoneSimulator.Deploy.0 = Release|x86
		{F6764E76-B761-402D-9A0B-6E52EC982FFA}.AppStore|x64.ActiveCfg = Release|x64
		{F6764E76-B761-402D-9A0B-6E52EC982FFA}.AppStore|x64.Build.0 = Release|x64
		{F6764E76-B761-402D-9A0B-6E52EC982FFA}.AppStore|x64.Deploy.0 = Release|x64
		{F6764E76-B761-402D-9A0B-6E52EC982FFA}.AppStore|x86.ActiveCfg = Release|x86
		{F6764E76-B761-402D-9A0B-6E52EC982FFA}.AppStore|x86.Build.0 = Release|x86
		{F6764E76-B761-402D-9A0B-6E52EC982FFA}.AppStore|x86.Deploy.0 = Release|x86
		{F6764E76-B761-402D-9A0B-6E52EC982FFA}.Debug|Any CPU.ActiveCfg = Debug|x86
		{F6764E76-B761-402D-9A0B-6E52EC982FFA}.Debug|Any CPU.Build.0 = Debug|x86
		{F6764E76-B761-402D-9A0B-6E52EC982FFA}.Debug|Any CPU.Deploy.0 = Debug|x86
		{F6764E76-B761-402D-9A0B-6E52EC982FFA}.Debug|ARM.ActiveCfg = Debug|ARM
		{F6764E76-B761-402D-9A0B-6E52EC982FFA}.Debug|ARM.Build.0 = Debug|ARM
		{F6764E76-B761-402D-9A0B-6E52EC982FFA}.Debug|ARM.Deploy.0 = Debug|ARM
		{F6764E76-B761-402D-9A0B-6E52EC982FFA}.Debug|iPhone.ActiveCfg = Debug|x86
		{F6764E76-B761-402D-9A0B-6E52EC982FFA}.Debug|iPhone.Build.0 = Debug|x86
		{F6764E76-B761-402D-9A0B-6E52EC982FFA}.Debug|iPhone.Deploy.0 = Debug|x86
		{F6764E76-B761-402D-9A0B-6E52EC982FFA}.Debug|iPhoneSimulator.ActiveCfg = Debug|x86
		{F6764E76-B761-402D-9A0B-6E52EC982FFA}.Debug|iPhoneSimulator.Build.0 = Debug|x86
		{F6764E76-B761-402D-9A0B-6E52EC982FFA}.Debug|iPhoneSimulator.Deploy.0 = Debug|x86
		{F6764E76-B761-402D-9A0B-6E52EC982FFA}.Debug|x64.ActiveCfg = Debug|x64
		{F6764E76-B761-402D-9A0B-6E52EC982FFA}.Debug|x64.Build.0 = Debug|x64
		{F6764E76-B761-402D-9A0B-6E52EC982FFA}.Debug|x64.Deploy.0 = Debug|x64
		{F6764E76-B761-402D-9A0B-6E52EC982FFA}.Debug|x86.ActiveCfg = Debug|x86
		{F6764E76-B761-402D-9A0B-6E52EC982FFA}.Debug|x86.Build.0 = Debug|x86
		{F6764E76-B761-402D-9A0B-6E52EC982FFA}.Debug|x86.Deploy.0 = Debug|x86
		{F6764E76-B761-402D-9A0B-6E52EC982FFA}.Release|Any CPU.ActiveCfg = Release|x86
		{F6764E76-B761-402D-9A0B-6E52EC982FFA}.Release|Any CPU.Build.0 = Release|x86
		{F6764E76-B761-402D-9A0B-6E52EC982FFA}.Release|Any CPU.Deploy.0 = Release|x86
		{F6764E76-B761-402D-9A0B-6E52EC982FFA}.Release|ARM.ActiveCfg = Release|ARM
		{F6764E76-B761-402D-9A0B-6E52EC982FFA}.Release|ARM.Build.0 = Release|ARM
		{F6764E76-B761-402D-9A0B-6E52EC982FFA}.Release|ARM.Deploy.0 = Release|ARM
		{F6764E76-B761-402D-9A0B-6E52EC982FFA}.Release|iPhone.ActiveCfg = Release|x86
		{F6764E76-B761-402D-9A0B-6E52EC982FFA}.Release|iPhone.Build.0 = Release|x86
		{F6764E76-B761-402D-9A0B-6E52EC982FFA}.Release|iPhone.Deploy.0 = Release|x86
		{F6764E76-B761-402D-9A0B-6E52EC982FFA}.Release|iPhoneSimulator.ActiveCfg = Release|x86
		{F6764E76-B761-402D-9A0B-6E52EC982FFA}.Release|iPhoneSimulator.Build.0 = Release|x86
		{F6764E76-B761-402D-9A0B-6E52EC982FFA}.Release|iPhoneSimulator.Deploy.0 = Release|x86
		{F6764E76-B761-402D-9A0B-6E52EC982FFA}.Release|x64.ActiveCfg = Release|x64
		{F6764E76-B761-402D-9A0B-6E52EC982FFA}.Release|x64.Build.0 = Release|x64
		{F6764E76-B761-402D-9A0B-6E52EC982FFA}.Release|x64.Deploy.0 = Release|x64
		{F6764E76-B761-402D-9A0B-6E52EC982FFA}.Release|x86.ActiveCfg = Release|x86
		{F6764E76-B761-402D-9A0B-6E52EC982FFA}.Release|x86.Build.0 = Release|x86
		{F6764E76-B761-402D-9A0B-6E52EC982FFA}.Release|x86.Deploy.0 = Release|x86
		{5E1837E4-06CB-4EA4-97B2-9E0EC4E7C462}.Ad-Hoc|Any CPU.ActiveCfg = Debug|Any CPU
		{5E1837E4-06CB-4EA4-97B2-9E0EC4E7C462}.Ad-Hoc|Any CPU.Build.0 = Debug|Any CPU
		{5E1837E4-06CB-4EA4-97B2-9E0EC4E7C462}.Ad-Hoc|Any CPU.Deploy.0 = Debug|Any CPU
		{5E1837E4-06CB-4EA4-97B2-9E0EC4E7C462}.Ad-Hoc|ARM.ActiveCfg = Debug|Any CPU
		{5E1837E4-06CB-4EA4-97B2-9E0EC4E7C462}.Ad-Hoc|ARM.Build.0 = Debug|Any CPU
		{5E1837E4-06CB-4EA4-97B2-9E0EC4E7C462}.Ad-Hoc|ARM.Deploy.0 = Debug|Any CPU
		{5E1837E4-06CB-4EA4-97B2-9E0EC4E7C462}.Ad-Hoc|iPhone.ActiveCfg = Debug|Any CPU
		{5E1837E4-06CB-4EA4-97B2-9E0EC4E7C462}.Ad-Hoc|iPhone.Build.0 = Debug|Any CPU
		{5E1837E4-06CB-4EA4-97B2-9E0EC4E7C462}.Ad-Hoc|iPhone.Deploy.0 = Debug|Any CPU
		{5E1837E4-06CB-4EA4-97B2-9E0EC4E7C462}.Ad-Hoc|iPhoneSimulator.ActiveCfg = Debug|Any CPU
		{5E1837E4-06CB-4EA4-97B2-9E0EC4E7C462}.Ad-Hoc|iPhoneSimulator.Build.0 = Debug|Any CPU
		{5E1837E4-06CB-4EA4-97B2-9E0EC4E7C462}.Ad-Hoc|iPhoneSimulator.Deploy.0 = Debug|Any CPU
		{5E1837E4-06CB-4EA4-97B2-9E0EC4E7C462}.Ad-Hoc|x64.ActiveCfg = Debug|Any CPU
		{5E1837E4-06CB-4EA4-97B2-9E0EC4E7C462}.Ad-Hoc|x64.Build.0 = Debug|Any CPU
		{5E1837E4-06CB-4EA4-97B2-9E0EC4E7C462}.Ad-Hoc|x64.Deploy.0 = Debug|Any CPU
		{5E1837E4-06CB-4EA4-97B2-9E0EC4E7C462}.Ad-Hoc|x86.ActiveCfg = Debug|Any CPU
		{5E1837E4-06CB-4EA4-97B2-9E0EC4E7C462}.Ad-Hoc|x86.Build.0 = Debug|Any CPU
		{5E1837E4-06CB-4EA4-97B2-9E0EC4E7C462}.Ad-Hoc|x86.Deploy.0 = Debug|Any CPU
		{5E1837E4-06CB-4EA4-97B2-9E0EC4E7C462}.AppStore|Any CPU.ActiveCfg = Debug|Any CPU
		{5E1837E4-06CB-4EA4-97B2-9E0EC4E7C462}.AppStore|Any CPU.Build.0 = Debug|Any CPU
		{5E1837E4-06CB-4EA4-97B2-9E0EC4E7C462}.AppStore|Any CPU.Deploy.0 = Debug|Any CPU
		{5E1837E4-06CB-4EA4-97B2-9E0EC4E7C462}.AppStore|ARM.ActiveCfg = Debug|Any CPU
		{5E1837E4-06CB-4EA4-97B2-9E0EC4E7C462}.AppStore|ARM.Build.0 = Debug|Any CPU
		{5E1837E4-06CB-4EA4-97B2-9E0EC4E7C462}.AppStore|ARM.Deploy.0 = Debug|Any CPU
		{5E1837E4-06CB-4EA4-97B2-9E0EC4E7C462}.AppStore|iPhone.ActiveCfg = Debug|Any CPU
		{5E1837E4-06CB-4EA4-97B2-9E0EC4E7C462}.AppStore|iPhone.Build.0 = Debug|Any CPU
		{5E1837E4-06CB-4EA4-97B2-9E0EC4E7C462}.AppStore|iPhone.Deploy.0 = Debug|Any CPU
		{5E1837E4-06CB-4EA4-97B2-9E0EC4E7C462}.AppStore|iPhoneSimulator.ActiveCfg = Debug|Any CPU
		{5E1837E4-06CB-4EA4-97B2-9E0EC4E7C462}.AppStore|iPhoneSimulator.Build.0 = Debug|Any CPU
		{5E1837E4-06CB-4EA4-97B2-9E0EC4E7C462}.AppStore|iPhoneSimulator.Deploy.0 = Debug|Any CPU
		{5E1837E4-06CB-4EA4-97B2-9E0EC4E7C462}.AppStore|x64.ActiveCfg = Debug|Any CPU
		{5E1837E4-06CB-4EA4-97B2-9E0EC4E7C462}.AppStore|x64.Build.0 = Debug|Any CPU
		{5E1837E4-06CB-4EA4-97B2-9E0EC4E7C462}.AppStore|x64.Deploy.0 = Debug|Any CPU
		{5E1837E4-06CB-4EA4-97B2-9E0EC4E7C462}.AppStore|x86.ActiveCfg = Debug|Any CPU
		{5E1837E4-06CB-4EA4-97B2-9E0EC4E7C462}.AppStore|x86.Build.0 = Debug|Any CPU
		{5E1837E4-06CB-4EA4-97B2-9E0EC4E7C462}.AppStore|x86.Deploy.0 = Debug|Any CPU
		{5E1837E4-06CB-4EA4-97B2-9E0EC4E7C462}.Debug|Any CPU.ActiveCfg = Debug|Any CPU
		{5E1837E4-06CB-4EA4-97B2-9E0EC4E7C462}.Debug|Any CPU.Build.0 = Debug|Any CPU
		{5E1837E4-06CB-4EA4-97B2-9E0EC4E7C462}.Debug|Any CPU.Deploy.0 = Debug|Any CPU
		{5E1837E4-06CB-4EA4-97B2-9E0EC4E7C462}.Debug|ARM.ActiveCfg = Debug|Any CPU
		{5E1837E4-06CB-4EA4-97B2-9E0EC4E7C462}.Debug|ARM.Build.0 = Debug|Any CPU
		{5E1837E4-06CB-4EA4-97B2-9E0EC4E7C462}.Debug|ARM.Deploy.0 = Debug|Any CPU
		{5E1837E4-06CB-4EA4-97B2-9E0EC4E7C462}.Debug|iPhone.ActiveCfg = Debug|Any CPU
		{5E1837E4-06CB-4EA4-97B2-9E0EC4E7C462}.Debug|iPhone.Build.0 = Debug|Any CPU
		{5E1837E4-06CB-4EA4-97B2-9E0EC4E7C462}.Debug|iPhone.Deploy.0 = Debug|Any CPU
		{5E1837E4-06CB-4EA4-97B2-9E0EC4E7C462}.Debug|iPhoneSimulator.ActiveCfg = Debug|Any CPU
		{5E1837E4-06CB-4EA4-97B2-9E0EC4E7C462}.Debug|iPhoneSimulator.Build.0 = Debug|Any CPU
		{5E1837E4-06CB-4EA4-97B2-9E0EC4E7C462}.Debug|iPhoneSimulator.Deploy.0 = Debug|Any CPU
		{5E1837E4-06CB-4EA4-97B2-9E0EC4E7C462}.Debug|x64.ActiveCfg = Debug|Any CPU
		{5E1837E4-06CB-4EA4-97B2-9E0EC4E7C462}.Debug|x64.Build.0 = Debug|Any CPU
		{5E1837E4-06CB-4EA4-97B2-9E0EC4E7C462}.Debug|x64.Deploy.0 = Debug|Any CPU
		{5E1837E4-06CB-4EA4-97B2-9E0EC4E7C462}.Debug|x86.ActiveCfg = Debug|Any CPU
		{5E1837E4-06CB-4EA4-97B2-9E0EC4E7C462}.Debug|x86.Build.0 = Debug|Any CPU
		{5E1837E4-06CB-4EA4-97B2-9E0EC4E7C462}.Debug|x86.Deploy.0 = Debug|Any CPU
		{5E1837E4-06CB-4EA4-97B2-9E0EC4E7C462}.Release|Any CPU.ActiveCfg = Release|Any CPU
		{5E1837E4-06CB-4EA4-97B2-9E0EC4E7C462}.Release|Any CPU.Build.0 = Release|Any CPU
		{5E1837E4-06CB-4EA4-97B2-9E0EC4E7C462}.Release|Any CPU.Deploy.0 = Release|Any CPU
		{5E1837E4-06CB-4EA4-97B2-9E0EC4E7C462}.Release|ARM.ActiveCfg = Release|Any CPU
		{5E1837E4-06CB-4EA4-97B2-9E0EC4E7C462}.Release|ARM.Build.0 = Release|Any CPU
		{5E1837E4-06CB-4EA4-97B2-9E0EC4E7C462}.Release|ARM.Deploy.0 = Release|Any CPU
		{5E1837E4-06CB-4EA4-97B2-9E0EC4E7C462}.Release|iPhone.ActiveCfg = Release|Any CPU
		{5E1837E4-06CB-4EA4-97B2-9E0EC4E7C462}.Release|iPhone.Build.0 = Release|Any CPU
		{5E1837E4-06CB-4EA4-97B2-9E0EC4E7C462}.Release|iPhone.Deploy.0 = Release|Any CPU
		{5E1837E4-06CB-4EA4-97B2-9E0EC4E7C462}.Release|iPhoneSimulator.ActiveCfg = Release|Any CPU
		{5E1837E4-06CB-4EA4-97B2-9E0EC4E7C462}.Release|iPhoneSimulator.Build.0 = Release|Any CPU
		{5E1837E4-06CB-4EA4-97B2-9E0EC4E7C462}.Release|iPhoneSimulator.Deploy.0 = Release|Any CPU
		{5E1837E4-06CB-4EA4-97B2-9E0EC4E7C462}.Release|x64.ActiveCfg = Release|Any CPU
		{5E1837E4-06CB-4EA4-97B2-9E0EC4E7C462}.Release|x64.Build.0 = Release|Any CPU
		{5E1837E4-06CB-4EA4-97B2-9E0EC4E7C462}.Release|x64.Deploy.0 = Release|Any CPU
		{5E1837E4-06CB-4EA4-97B2-9E0EC4E7C462}.Release|x86.ActiveCfg = Release|Any CPU
		{5E1837E4-06CB-4EA4-97B2-9E0EC4E7C462}.Release|x86.Build.0 = Release|Any CPU
		{5E1837E4-06CB-4EA4-97B2-9E0EC4E7C462}.Release|x86.Deploy.0 = Release|Any CPU
		{D5F101C9-2066-436A-B556-B56101A78D94}.Ad-Hoc|Any CPU.ActiveCfg = Debug|Any CPU
		{D5F101C9-2066-436A-B556-B56101A78D94}.Ad-Hoc|Any CPU.Build.0 = Debug|Any CPU
		{D5F101C9-2066-436A-B556-B56101A78D94}.Ad-Hoc|ARM.ActiveCfg = Debug|Any CPU
		{D5F101C9-2066-436A-B556-B56101A78D94}.Ad-Hoc|ARM.Build.0 = Debug|Any CPU
		{D5F101C9-2066-436A-B556-B56101A78D94}.Ad-Hoc|iPhone.ActiveCfg = Debug|Any CPU
		{D5F101C9-2066-436A-B556-B56101A78D94}.Ad-Hoc|iPhone.Build.0 = Debug|Any CPU
		{D5F101C9-2066-436A-B556-B56101A78D94}.Ad-Hoc|iPhoneSimulator.ActiveCfg = Debug|Any CPU
		{D5F101C9-2066-436A-B556-B56101A78D94}.Ad-Hoc|iPhoneSimulator.Build.0 = Debug|Any CPU
		{D5F101C9-2066-436A-B556-B56101A78D94}.Ad-Hoc|x64.ActiveCfg = Debug|Any CPU
		{D5F101C9-2066-436A-B556-B56101A78D94}.Ad-Hoc|x64.Build.0 = Debug|Any CPU
		{D5F101C9-2066-436A-B556-B56101A78D94}.Ad-Hoc|x86.ActiveCfg = Debug|Any CPU
		{D5F101C9-2066-436A-B556-B56101A78D94}.Ad-Hoc|x86.Build.0 = Debug|Any CPU
		{D5F101C9-2066-436A-B556-B56101A78D94}.AppStore|Any CPU.ActiveCfg = Debug|Any CPU
		{D5F101C9-2066-436A-B556-B56101A78D94}.AppStore|Any CPU.Build.0 = Debug|Any CPU
		{D5F101C9-2066-436A-B556-B56101A78D94}.AppStore|ARM.ActiveCfg = Debug|Any CPU
		{D5F101C9-2066-436A-B556-B56101A78D94}.AppStore|ARM.Build.0 = Debug|Any CPU
		{D5F101C9-2066-436A-B556-B56101A78D94}.AppStore|iPhone.ActiveCfg = Debug|Any CPU
		{D5F101C9-2066-436A-B556-B56101A78D94}.AppStore|iPhone.Build.0 = Debug|Any CPU
		{D5F101C9-2066-436A-B556-B56101A78D94}.AppStore|iPhoneSimulator.ActiveCfg = Debug|Any CPU
		{D5F101C9-2066-436A-B556-B56101A78D94}.AppStore|iPhoneSimulator.Build.0 = Debug|Any CPU
		{D5F101C9-2066-436A-B556-B56101A78D94}.AppStore|x64.ActiveCfg = Debug|Any CPU
		{D5F101C9-2066-436A-B556-B56101A78D94}.AppStore|x64.Build.0 = Debug|Any CPU
		{D5F101C9-2066-436A-B556-B56101A78D94}.AppStore|x86.ActiveCfg = Debug|Any CPU
		{D5F101C9-2066-436A-B556-B56101A78D94}.AppStore|x86.Build.0 = Debug|Any CPU
		{D5F101C9-2066-436A-B556-B56101A78D94}.Debug|Any CPU.ActiveCfg = Debug|Any CPU
		{D5F101C9-2066-436A-B556-B56101A78D94}.Debug|Any CPU.Build.0 = Debug|Any CPU
		{D5F101C9-2066-436A-B556-B56101A78D94}.Debug|ARM.ActiveCfg = Debug|Any CPU
		{D5F101C9-2066-436A-B556-B56101A78D94}.Debug|ARM.Build.0 = Debug|Any CPU
		{D5F101C9-2066-436A-B556-B56101A78D94}.Debug|iPhone.ActiveCfg = Debug|Any CPU
		{D5F101C9-2066-436A-B556-B56101A78D94}.Debug|iPhone.Build.0 = Debug|Any CPU
		{D5F101C9-2066-436A-B556-B56101A78D94}.Debug|iPhoneSimulator.ActiveCfg = Debug|Any CPU
		{D5F101C9-2066-436A-B556-B56101A78D94}.Debug|iPhoneSimulator.Build.0 = Debug|Any CPU
		{D5F101C9-2066-436A-B556-B56101A78D94}.Debug|x64.ActiveCfg = Debug|Any CPU
		{D5F101C9-2066-436A-B556-B56101A78D94}.Debug|x64.Build.0 = Debug|Any CPU
		{D5F101C9-2066-436A-B556-B56101A78D94}.Debug|x86.ActiveCfg = Debug|Any CPU
		{D5F101C9-2066-436A-B556-B56101A78D94}.Debug|x86.Build.0 = Debug|Any CPU
		{D5F101C9-2066-436A-B556-B56101A78D94}.Release|Any CPU.ActiveCfg = Release|Any CPU
		{D5F101C9-2066-436A-B556-B56101A78D94}.Release|Any CPU.Build.0 = Release|Any CPU
		{D5F101C9-2066-436A-B556-B56101A78D94}.Release|ARM.ActiveCfg = Release|Any CPU
		{D5F101C9-2066-436A-B556-B56101A78D94}.Release|ARM.Build.0 = Release|Any CPU
		{D5F101C9-2066-436A-B556-B56101A78D94}.Release|iPhone.ActiveCfg = Release|Any CPU
		{D5F101C9-2066-436A-B556-B56101A78D94}.Release|iPhone.Build.0 = Release|Any CPU
		{D5F101C9-2066-436A-B556-B56101A78D94}.Release|iPhoneSimulator.ActiveCfg = Release|Any CPU
		{D5F101C9-2066-436A-B556-B56101A78D94}.Release|iPhoneSimulator.Build.0 = Release|Any CPU
		{D5F101C9-2066-436A-B556-B56101A78D94}.Release|x64.ActiveCfg = Release|Any CPU
		{D5F101C9-2066-436A-B556-B56101A78D94}.Release|x64.Build.0 = Release|Any CPU
		{D5F101C9-2066-436A-B556-B56101A78D94}.Release|x86.ActiveCfg = Release|Any CPU
		{D5F101C9-2066-436A-B556-B56101A78D94}.Release|x86.Build.0 = Release|Any CPU
	EndGlobalSection
	GlobalSection(SolutionProperties) = preSolution
		HideSolutionNode = FALSE
	EndGlobalSection
	GlobalSection(ExtensibilityGlobals) = postSolution
		SolutionGuid = {DEB5175B-098A-4399-80E6-FDF9CFC131B6}
	EndGlobalSection
EndGlobal
